
Microsoft Visual Studio Solution File, Format Version 12.00
# Visual Studio Version 17
VisualStudioVersion = 17.3.32901.215
MinimumVisualStudioVersion = 10.0.40219.1
Project("{9A19103F-16F7-4668-BE54-9A1E7A4F7556}") = "Techcombank", "Techcombank\Techcombank.csproj", "{7A346447-89BF-4E75-97C1-D868B7AE5432}"
EndProject
Project("{2150E333-8FDC-42A3-9474-1A3956D46DE8}") = "Solution Items", "Solution Items", "{EC39505A-D306-47CB-9B3B-B63DC212BFE4}"
	ProjectSection(SolutionItems) = preProject
		.editorconfig = .editorconfig
	EndProjectSection
EndProject
Global
	GlobalSection(SolutionConfigurationPlatforms) = preSolution
		Debug|Any CPU = Debug|Any CPU
		Release|Any CPU = Release|Any CPU
	EndGlobalSection
	GlobalSection(ProjectConfigurationPlatforms) = postSolution
		{7A346447-89BF-4E75-97C1-D868B7AE5432}.Debug|Any CPU.ActiveCfg = Debug|Any CPU
		{7A346447-89BF-4E75-97C1-D868B7AE5432}.Debug|Any CPU.Build.0 = Debug|Any CPU
		{7A346447-89BF-4E75-97C1-D868B7AE5432}.Release|Any CPU.ActiveCfg = Release|Any CPU
		{7A346447-89BF-4E75-97C1-D868B7AE5432}.Release|Any CPU.Build.0 = Release|Any CPU
	EndGlobalSection
	GlobalSection(SolutionProperties) = preSolution
		HideSolutionNode = FALSE
	EndGlobalSection
	GlobalSection(ExtensibilityGlobals) = postSolution
		SolutionGuid = {C1799153-4090-42A6-BBCE-4A266760998A}
	EndGlobalSection
EndGlobal
